
Microsoft Visual Studio Solution File, Format Version 12.00
# Visual Studio Version 17
VisualStudioVersion = 17.9.34728.123
MinimumVisualStudioVersion = 10.0.40219.1
Project("{FAE04EC0-301F-11D3-BF4B-00C04F79EFBC}") = "F1", "F1.csproj", "{3E1D2237-0C02-4C94-ADE0-B7EE1CE36CBD}"
EndProject
Global
	GlobalSection(SolutionConfigurationPlatforms) = preSolution
		Debug|Any CPU = Debug|Any CPU
		Release|Any CPU = Release|Any CPU
	EndGlobalSection
	GlobalSection(ProjectConfigurationPlatforms) = postSolution
		{3E1D2237-0C02-4C94-ADE0-B7EE1CE36CBD}.Debug|Any CPU.ActiveCfg = Debug|Any CPU
		{3E1D2237-0C02-4C94-ADE0-B7EE1CE36CBD}.Debug|Any CPU.Build.0 = Debug|Any CPU
		{3E1D2237-0C02-4C94-ADE0-B7EE1CE36CBD}.Release|Any CPU.ActiveCfg = Release|Any CPU
		{3E1D2237-0C02-4C94-ADE0-B7EE1CE36CBD}.Release|Any CPU.Build.0 = Release|Any CPU
	EndGlobalSection
	GlobalSection(SolutionProperties) = preSolution
		HideSolutionNode = FALSE
	EndGlobalSection
	GlobalSection(ExtensibilityGlobals) = postSolution
		SolutionGuid = {C881A507-2A86-439E-A304-8DC258FF1AAE}
	EndGlobalSection
EndGlobal
