
Microsoft Visual Studio Solution File, Format Version 12.00
# Visual Studio Version 17
VisualStudioVersion = 17.9.34728.123
MinimumVisualStudioVersion = 10.0.40219.1
Project("{FAE04EC0-301F-11D3-BF4B-00C04F79EFBC}") = "Ital Vásárló", "Ital Vásárló.csproj", "{63F71917-B8A8-4F23-BBF8-57F687527D7D}"
EndProject
Global
	GlobalSection(SolutionConfigurationPlatforms) = preSolution
		Debug|Any CPU = Debug|Any CPU
		Release|Any CPU = Release|Any CPU
	EndGlobalSection
	GlobalSection(ProjectConfigurationPlatforms) = postSolution
		{63F71917-B8A8-4F23-BBF8-57F687527D7D}.Debug|Any CPU.ActiveCfg = Debug|Any CPU
		{63F71917-B8A8-4F23-BBF8-57F687527D7D}.Debug|Any CPU.Build.0 = Debug|Any CPU
		{63F71917-B8A8-4F23-BBF8-57F687527D7D}.Release|Any CPU.ActiveCfg = Release|Any CPU
		{63F71917-B8A8-4F23-BBF8-57F687527D7D}.Release|Any CPU.Build.0 = Release|Any CPU
	EndGlobalSection
	GlobalSection(SolutionProperties) = preSolution
		HideSolutionNode = FALSE
	EndGlobalSection
	GlobalSection(ExtensibilityGlobals) = postSolution
		SolutionGuid = {14B062F8-2903-4DE9-AC45-10B92A7F7847}
	EndGlobalSection
EndGlobal
