
Microsoft Visual Studio Solution File, Format Version 12.00
# Visual Studio Version 17
VisualStudioVersion = 17.9.34728.123
MinimumVisualStudioVersion = 10.0.40219.1
Project("{FAE04EC0-301F-11D3-BF4B-00C04F79EFBC}") = "Dolgozat feladat1", "Dolgozat feladat1\Dolgozat feladat1.csproj", "{FF8EFD63-46BA-4518-A8C2-EFD17ED7F2A6}"
EndProject
Global
	GlobalSection(SolutionConfigurationPlatforms) = preSolution
		Debug|Any CPU = Debug|Any CPU
		Release|Any CPU = Release|Any CPU
	EndGlobalSection
	GlobalSection(ProjectConfigurationPlatforms) = postSolution
		{FF8EFD63-46BA-4518-A8C2-EFD17ED7F2A6}.Debug|Any CPU.ActiveCfg = Debug|Any CPU
		{FF8EFD63-46BA-4518-A8C2-EFD17ED7F2A6}.Debug|Any CPU.Build.0 = Debug|Any CPU
		{FF8EFD63-46BA-4518-A8C2-EFD17ED7F2A6}.Release|Any CPU.ActiveCfg = Release|Any CPU
		{FF8EFD63-46BA-4518-A8C2-EFD17ED7F2A6}.Release|Any CPU.Build.0 = Release|Any CPU
	EndGlobalSection
	GlobalSection(SolutionProperties) = preSolution
		HideSolutionNode = FALSE
	EndGlobalSection
	GlobalSection(ExtensibilityGlobals) = postSolution
		SolutionGuid = {5AC6A325-D9D6-418A-8508-FAB017B36C47}
	EndGlobalSection
EndGlobal
