
Microsoft Visual Studio Solution File, Format Version 12.00
# Visual Studio Version 17
VisualStudioVersion = 17.9.34728.123
MinimumVisualStudioVersion = 10.0.40219.1
Project("{FAE04EC0-301F-11D3-BF4B-00C04F79EFBC}") = "2es feladat", "2es feladat\2es feladat.csproj", "{A832143D-8B9D-485E-AFA4-5339F010672D}"
EndProject
Global
	GlobalSection(SolutionConfigurationPlatforms) = preSolution
		Debug|Any CPU = Debug|Any CPU
		Release|Any CPU = Release|Any CPU
	EndGlobalSection
	GlobalSection(ProjectConfigurationPlatforms) = postSolution
		{A832143D-8B9D-485E-AFA4-5339F010672D}.Debug|Any CPU.ActiveCfg = Debug|Any CPU
		{A832143D-8B9D-485E-AFA4-5339F010672D}.Debug|Any CPU.Build.0 = Debug|Any CPU
		{A832143D-8B9D-485E-AFA4-5339F010672D}.Release|Any CPU.ActiveCfg = Release|Any CPU
		{A832143D-8B9D-485E-AFA4-5339F010672D}.Release|Any CPU.Build.0 = Release|Any CPU
	EndGlobalSection
	GlobalSection(SolutionProperties) = preSolution
		HideSolutionNode = FALSE
	EndGlobalSection
	GlobalSection(ExtensibilityGlobals) = postSolution
		SolutionGuid = {9FE5FA61-6312-4E41-BCEA-EA79BFC907A2}
	EndGlobalSection
EndGlobal
