
Microsoft Visual Studio Solution File, Format Version 12.00
# Visual Studio Version 17
VisualStudioVersion = 17.9.34728.123
MinimumVisualStudioVersion = 10.0.40219.1
Project("{FAE04EC0-301F-11D3-BF4B-00C04F79EFBC}") = "KaloriaKalkulator", "KaloriaKalkulator.csproj", "{876A743B-6937-493D-96C4-9ED04C99FF23}"
EndProject
Global
	GlobalSection(SolutionConfigurationPlatforms) = preSolution
		Debug|Any CPU = Debug|Any CPU
		Release|Any CPU = Release|Any CPU
	EndGlobalSection
	GlobalSection(ProjectConfigurationPlatforms) = postSolution
		{876A743B-6937-493D-96C4-9ED04C99FF23}.Debug|Any CPU.ActiveCfg = Debug|Any CPU
		{876A743B-6937-493D-96C4-9ED04C99FF23}.Debug|Any CPU.Build.0 = Debug|Any CPU
		{876A743B-6937-493D-96C4-9ED04C99FF23}.Release|Any CPU.ActiveCfg = Release|Any CPU
		{876A743B-6937-493D-96C4-9ED04C99FF23}.Release|Any CPU.Build.0 = Release|Any CPU
	EndGlobalSection
	GlobalSection(SolutionProperties) = preSolution
		HideSolutionNode = FALSE
	EndGlobalSection
	GlobalSection(ExtensibilityGlobals) = postSolution
		SolutionGuid = {A08DDE0C-2D94-4911-96DC-0B99DA449E45}
	EndGlobalSection
EndGlobal
